// !$*UTF8*$!
{
	archiveVersion = 1;
	classes = {
	};
	objectVersion = 56;
	objects = {

/* Begin PBXBuildFile section */
		BF38CB982C724F0F00348544 /* UITableView+Ext.swift in Sources */ = {isa = PBXBuildFile; fileRef = BF38CB972C724F0F00348544 /* UITableView+Ext.swift */; };
		BF38CB9A2C72550800348544 /* StockArrowType.swift in Sources */ = {isa = PBXBuildFile; fileRef = BF38CB992C72550800348544 /* StockArrowType.swift */; };
		BF38CB9C2C725B3F00348544 /* ActivityIndicator.swift in Sources */ = {isa = PBXBuildFile; fileRef = BF38CB9B2C725B3F00348544 /* ActivityIndicator.swift */; };
		BF38CBA02C7265F200348544 /* StocksViewController+Bindings.swift in Sources */ = {isa = PBXBuildFile; fileRef = BF38CB9F2C7265F200348544 /* StocksViewController+Bindings.swift */; };
		BF38CBA22C7266EF00348544 /* String+Ext.swift in Sources */ = {isa = PBXBuildFile; fileRef = BF38CBA12C7266EF00348544 /* String+Ext.swift */; };
		BF3A79F82C72088700EF1FAB /* StocksDetailResponseModel.swift in Sources */ = {isa = PBXBuildFile; fileRef = BF3A79F72C72088700EF1FAB /* StocksDetailResponseModel.swift */; };
		BF3A79FC2C720B3A00EF1FAB /* StocksHeaderView.swift in Sources */ = {isa = PBXBuildFile; fileRef = BF3A79FB2C720B3A00EF1FAB /* StocksHeaderView.swift */; };
		BF3A79FE2C720B4D00EF1FAB /* StocksHeaderView.xib in Resources */ = {isa = PBXBuildFile; fileRef = BF3A79FD2C720B4D00EF1FAB /* StocksHeaderView.xib */; };
		BF3A7A002C720E3F00EF1FAB /* UIView+Ext.swift in Sources */ = {isa = PBXBuildFile; fileRef = BF3A79FF2C720E3F00EF1FAB /* UIView+Ext.swift */; };
		BF3A7A022C72254300EF1FAB /* StocksViewController+Setup.swift in Sources */ = {isa = PBXBuildFile; fileRef = BF3A7A012C72254300EF1FAB /* StocksViewController+Setup.swift */; };
		BF3A7A062C7225DC00EF1FAB /* StocksViewController+DataSource.swift in Sources */ = {isa = PBXBuildFile; fileRef = BF3A7A052C7225DC00EF1FAB /* StocksViewController+DataSource.swift */; };
		BF4D9ED62C70EE52001984B7 /* AppDelegate.swift in Sources */ = {isa = PBXBuildFile; fileRef = BF4D9ED52C70EE52001984B7 /* AppDelegate.swift */; };
		BF4D9ED82C70EE52001984B7 /* SceneDelegate.swift in Sources */ = {isa = PBXBuildFile; fileRef = BF4D9ED72C70EE52001984B7 /* SceneDelegate.swift */; };
		BF4D9EDF2C70EE53001984B7 /* Assets.xcassets in Resources */ = {isa = PBXBuildFile; fileRef = BF4D9EDE2C70EE53001984B7 /* Assets.xcassets */; };
		BF4D9EE22C70EE53001984B7 /* Base in Resources */ = {isa = PBXBuildFile; fileRef = BF4D9EE12C70EE53001984B7 /* Base */; };
		BF4D9EED2C70EE53001984B7 /* StocksTests.swift in Sources */ = {isa = PBXBuildFile; fileRef = BF4D9EEC2C70EE53001984B7 /* StocksTests.swift */; };
		BF4D9EF72C70EE53001984B7 /* StocksUITests.swift in Sources */ = {isa = PBXBuildFile; fileRef = BF4D9EF62C70EE53001984B7 /* StocksUITests.swift */; };
		BF4D9EF92C70EE53001984B7 /* StocksUITestsLaunchTests.swift in Sources */ = {isa = PBXBuildFile; fileRef = BF4D9EF82C70EE53001984B7 /* StocksUITestsLaunchTests.swift */; };
		BF4D9F0A2C70EF78001984B7 /* RootNavigationController.swift in Sources */ = {isa = PBXBuildFile; fileRef = BF4D9F092C70EF78001984B7 /* RootNavigationController.swift */; };
		BF4D9F0D2C70EFB6001984B7 /* StocksViewController.swift in Sources */ = {isa = PBXBuildFile; fileRef = BF4D9F0C2C70EFB6001984B7 /* StocksViewController.swift */; };
		BF4D9F162C70F783001984B7 /* EndpointProtocol.swift in Sources */ = {isa = PBXBuildFile; fileRef = BF4D9F152C70F783001984B7 /* EndpointProtocol.swift */; };
		BF4D9F182C70F798001984B7 /* ServiceProviderProtocol.swift in Sources */ = {isa = PBXBuildFile; fileRef = BF4D9F172C70F798001984B7 /* ServiceProviderProtocol.swift */; };
		BF4D9F1C2C70F7E0001984B7 /* HTTPMethod.swift in Sources */ = {isa = PBXBuildFile; fileRef = BF4D9F1B2C70F7E0001984B7 /* HTTPMethod.swift */; };
		BF4D9F1E2C70F7F1001984B7 /* ServiceProvider.swift in Sources */ = {isa = PBXBuildFile; fileRef = BF4D9F1D2C70F7F1001984B7 /* ServiceProvider.swift */; };
		BF4D9F222C70F84D001984B7 /* APIError.swift in Sources */ = {isa = PBXBuildFile; fileRef = BF4D9F212C70F84D001984B7 /* APIError.swift */; };
		BF4D9F262C70F89B001984B7 /* URL+Ext.swift in Sources */ = {isa = PBXBuildFile; fileRef = BF4D9F252C70F89B001984B7 /* URL+Ext.swift */; };
		BF4D9F282C71047F001984B7 /* Constants.swift in Sources */ = {isa = PBXBuildFile; fileRef = BF4D9F272C71047F001984B7 /* Constants.swift */; };
		BF4D9F2A2C7105E3001984B7 /* StocksViewModel.swift in Sources */ = {isa = PBXBuildFile; fileRef = BF4D9F292C7105E3001984B7 /* StocksViewModel.swift */; };
		BF4D9F2C2C7106E2001984B7 /* StockCellType.swift in Sources */ = {isa = PBXBuildFile; fileRef = BF4D9F2B2C7106E2001984B7 /* StockCellType.swift */; };
		BF4D9F2F2C710A68001984B7 /* StocksPageResponseModel.swift in Sources */ = {isa = PBXBuildFile; fileRef = BF4D9F2E2C710A68001984B7 /* StocksPageResponseModel.swift */; };
		BF4D9F322C7129B2001984B7 /* StocksEndpoint.swift in Sources */ = {isa = PBXBuildFile; fileRef = BF4D9F312C7129B2001984B7 /* StocksEndpoint.swift */; };
		BF4D9F342C712B7F001984B7 /* ViewControllerMaker.swift in Sources */ = {isa = PBXBuildFile; fileRef = BF4D9F332C712B7F001984B7 /* ViewControllerMaker.swift */; };
		BF4D9F362C713AA9001984B7 /* TypeAliases.swift in Sources */ = {isa = PBXBuildFile; fileRef = BF4D9F352C713AA9001984B7 /* TypeAliases.swift */; };
		BF4D9F382C71E214001984B7 /* Collection+Ext.swift in Sources */ = {isa = PBXBuildFile; fileRef = BF4D9F372C71E214001984B7 /* Collection+Ext.swift */; };
		BF4D9F3B2C71EC4C001984B7 /* StockCell.swift in Sources */ = {isa = PBXBuildFile; fileRef = BF4D9F392C71EC4C001984B7 /* StockCell.swift */; };
		BF4D9F3C2C71EC4C001984B7 /* StockCell.xib in Resources */ = {isa = PBXBuildFile; fileRef = BF4D9F3A2C71EC4C001984B7 /* StockCell.xib */; };
/* End PBXBuildFile section */

/* Begin PBXContainerItemProxy section */
		BF4D9EE92C70EE53001984B7 /* PBXContainerItemProxy */ = {
			isa = PBXContainerItemProxy;
			containerPortal = BF4D9ECA2C70EE52001984B7 /* Project object */;
			proxyType = 1;
			remoteGlobalIDString = BF4D9ED12C70EE52001984B7;
			remoteInfo = Stocks;
		};
		BF4D9EF32C70EE53001984B7 /* PBXContainerItemProxy */ = {
			isa = PBXContainerItemProxy;
			containerPortal = BF4D9ECA2C70EE52001984B7 /* Project object */;
			proxyType = 1;
			remoteGlobalIDString = BF4D9ED12C70EE52001984B7;
			remoteInfo = Stocks;
		};
/* End PBXContainerItemProxy section */

/* Begin PBXFileReference section */
		BF38CB972C724F0F00348544 /* UITableView+Ext.swift */ = {isa = PBXFileReference; lastKnownFileType = sourcecode.swift; path = "UITableView+Ext.swift"; sourceTree = "<group>"; };
		BF38CB992C72550800348544 /* StockArrowType.swift */ = {isa = PBXFileReference; lastKnownFileType = sourcecode.swift; path = StockArrowType.swift; sourceTree = "<group>"; };
		BF38CB9B2C725B3F00348544 /* ActivityIndicator.swift */ = {isa = PBXFileReference; lastKnownFileType = sourcecode.swift; path = ActivityIndicator.swift; sourceTree = "<group>"; };
		BF38CB9E2C725FC900348544 /* README.md */ = {isa = PBXFileReference; lastKnownFileType = net.daringfireball.markdown; path = README.md; sourceTree = "<group>"; };
		BF38CB9F2C7265F200348544 /* StocksViewController+Bindings.swift */ = {isa = PBXFileReference; lastKnownFileType = sourcecode.swift; path = "StocksViewController+Bindings.swift"; sourceTree = "<group>"; };
		BF38CBA12C7266EF00348544 /* String+Ext.swift */ = {isa = PBXFileReference; lastKnownFileType = sourcecode.swift; path = "String+Ext.swift"; sourceTree = "<group>"; };
		BF3A79F72C72088700EF1FAB /* StocksDetailResponseModel.swift */ = {isa = PBXFileReference; lastKnownFileType = sourcecode.swift; path = StocksDetailResponseModel.swift; sourceTree = "<group>"; };
		BF3A79FB2C720B3A00EF1FAB /* StocksHeaderView.swift */ = {isa = PBXFileReference; lastKnownFileType = sourcecode.swift; path = StocksHeaderView.swift; sourceTree = "<group>"; };
		BF3A79FD2C720B4D00EF1FAB /* StocksHeaderView.xib */ = {isa = PBXFileReference; lastKnownFileType = file.xib; path = StocksHeaderView.xib; sourceTree = "<group>"; };
		BF3A79FF2C720E3F00EF1FAB /* UIView+Ext.swift */ = {isa = PBXFileReference; lastKnownFileType = sourcecode.swift; path = "UIView+Ext.swift"; sourceTree = "<group>"; };
		BF3A7A012C72254300EF1FAB /* StocksViewController+Setup.swift */ = {isa = PBXFileReference; lastKnownFileType = sourcecode.swift; path = "StocksViewController+Setup.swift"; sourceTree = "<group>"; };
		BF3A7A052C7225DC00EF1FAB /* StocksViewController+DataSource.swift */ = {isa = PBXFileReference; lastKnownFileType = sourcecode.swift; path = "StocksViewController+DataSource.swift"; sourceTree = "<group>"; };
		BF4D9ED22C70EE52001984B7 /* Stocks.app */ = {isa = PBXFileReference; explicitFileType = wrapper.application; includeInIndex = 0; path = Stocks.app; sourceTree = BUILT_PRODUCTS_DIR; };
		BF4D9ED52C70EE52001984B7 /* AppDelegate.swift */ = {isa = PBXFileReference; lastKnownFileType = sourcecode.swift; path = AppDelegate.swift; sourceTree = "<group>"; };
		BF4D9ED72C70EE52001984B7 /* SceneDelegate.swift */ = {isa = PBXFileReference; lastKnownFileType = sourcecode.swift; path = SceneDelegate.swift; sourceTree = "<group>"; };
		BF4D9EDE2C70EE53001984B7 /* Assets.xcassets */ = {isa = PBXFileReference; lastKnownFileType = folder.assetcatalog; path = Assets.xcassets; sourceTree = "<group>"; };
		BF4D9EE12C70EE53001984B7 /* Base */ = {isa = PBXFileReference; lastKnownFileType = file.storyboard; name = Base; path = Base.lproj/LaunchScreen.storyboard; sourceTree = "<group>"; };
		BF4D9EE32C70EE53001984B7 /* Info.plist */ = {isa = PBXFileReference; lastKnownFileType = text.plist.xml; path = Info.plist; sourceTree = "<group>"; };
		BF4D9EE82C70EE53001984B7 /* StocksTests.xctest */ = {isa = PBXFileReference; explicitFileType = wrapper.cfbundle; includeInIndex = 0; path = StocksTests.xctest; sourceTree = BUILT_PRODUCTS_DIR; };
		BF4D9EEC2C70EE53001984B7 /* StocksTests.swift */ = {isa = PBXFileReference; lastKnownFileType = sourcecode.swift; path = StocksTests.swift; sourceTree = "<group>"; };
		BF4D9EF22C70EE53001984B7 /* StocksUITests.xctest */ = {isa = PBXFileReference; explicitFileType = wrapper.cfbundle; includeInIndex = 0; path = StocksUITests.xctest; sourceTree = BUILT_PRODUCTS_DIR; };
		BF4D9EF62C70EE53001984B7 /* StocksUITests.swift */ = {isa = PBXFileReference; lastKnownFileType = sourcecode.swift; path = StocksUITests.swift; sourceTree = "<group>"; };
		BF4D9EF82C70EE53001984B7 /* StocksUITestsLaunchTests.swift */ = {isa = PBXFileReference; lastKnownFileType = sourcecode.swift; path = StocksUITestsLaunchTests.swift; sourceTree = "<group>"; };
		BF4D9F092C70EF78001984B7 /* RootNavigationController.swift */ = {isa = PBXFileReference; lastKnownFileType = sourcecode.swift; path = RootNavigationController.swift; sourceTree = "<group>"; };
		BF4D9F0C2C70EFB6001984B7 /* StocksViewController.swift */ = {isa = PBXFileReference; lastKnownFileType = sourcecode.swift; path = StocksViewController.swift; sourceTree = "<group>"; };
		BF4D9F152C70F783001984B7 /* EndpointProtocol.swift */ = {isa = PBXFileReference; lastKnownFileType = sourcecode.swift; path = EndpointProtocol.swift; sourceTree = "<group>"; };
		BF4D9F172C70F798001984B7 /* ServiceProviderProtocol.swift */ = {isa = PBXFileReference; lastKnownFileType = sourcecode.swift; path = ServiceProviderProtocol.swift; sourceTree = "<group>"; };
		BF4D9F1B2C70F7E0001984B7 /* HTTPMethod.swift */ = {isa = PBXFileReference; lastKnownFileType = sourcecode.swift; path = HTTPMethod.swift; sourceTree = "<group>"; };
		BF4D9F1D2C70F7F1001984B7 /* ServiceProvider.swift */ = {isa = PBXFileReference; lastKnownFileType = sourcecode.swift; path = ServiceProvider.swift; sourceTree = "<group>"; };
		BF4D9F212C70F84D001984B7 /* APIError.swift */ = {isa = PBXFileReference; lastKnownFileType = sourcecode.swift; path = APIError.swift; sourceTree = "<group>"; };
		BF4D9F252C70F89B001984B7 /* URL+Ext.swift */ = {isa = PBXFileReference; lastKnownFileType = sourcecode.swift; path = "URL+Ext.swift"; sourceTree = "<group>"; };
		BF4D9F272C71047F001984B7 /* Constants.swift */ = {isa = PBXFileReference; lastKnownFileType = sourcecode.swift; path = Constants.swift; sourceTree = "<group>"; };
		BF4D9F292C7105E3001984B7 /* StocksViewModel.swift */ = {isa = PBXFileReference; lastKnownFileType = sourcecode.swift; path = StocksViewModel.swift; sourceTree = "<group>"; };
		BF4D9F2B2C7106E2001984B7 /* StockCellType.swift */ = {isa = PBXFileReference; lastKnownFileType = sourcecode.swift; path = StockCellType.swift; sourceTree = "<group>"; };
		BF4D9F2E2C710A68001984B7 /* StocksPageResponseModel.swift */ = {isa = PBXFileReference; lastKnownFileType = sourcecode.swift; path = StocksPageResponseModel.swift; sourceTree = "<group>"; };
		BF4D9F312C7129B2001984B7 /* StocksEndpoint.swift */ = {isa = PBXFileReference; lastKnownFileType = sourcecode.swift; path = StocksEndpoint.swift; sourceTree = "<group>"; };
		BF4D9F332C712B7F001984B7 /* ViewControllerMaker.swift */ = {isa = PBXFileReference; lastKnownFileType = sourcecode.swift; path = ViewControllerMaker.swift; sourceTree = "<group>"; };
		BF4D9F352C713AA9001984B7 /* TypeAliases.swift */ = {isa = PBXFileReference; lastKnownFileType = sourcecode.swift; path = TypeAliases.swift; sourceTree = "<group>"; };
		BF4D9F372C71E214001984B7 /* Collection+Ext.swift */ = {isa = PBXFileReference; lastKnownFileType = sourcecode.swift; path = "Collection+Ext.swift"; sourceTree = "<group>"; };
		BF4D9F392C71EC4C001984B7 /* StockCell.swift */ = {isa = PBXFileReference; lastKnownFileType = sourcecode.swift; path = StockCell.swift; sourceTree = "<group>"; };
		BF4D9F3A2C71EC4C001984B7 /* StockCell.xib */ = {isa = PBXFileReference; lastKnownFileType = file.xib; path = StockCell.xib; sourceTree = "<group>"; };
/* End PBXFileReference section */

/* Begin PBXFrameworksBuildPhase section */
		BF4D9ECF2C70EE52001984B7 /* Frameworks */ = {
			isa = PBXFrameworksBuildPhase;
			buildActionMask = 2147483647;
			files = (
			);
			runOnlyForDeploymentPostprocessing = 0;
		};
		BF4D9EE52C70EE53001984B7 /* Frameworks */ = {
			isa = PBXFrameworksBuildPhase;
			buildActionMask = 2147483647;
			files = (
			);
			runOnlyForDeploymentPostprocessing = 0;
		};
		BF4D9EEF2C70EE53001984B7 /* Frameworks */ = {
			isa = PBXFrameworksBuildPhase;
			buildActionMask = 2147483647;
			files = (
			);
			runOnlyForDeploymentPostprocessing = 0;
		};
/* End PBXFrameworksBuildPhase section */

/* Begin PBXGroup section */
		BF4D9EC92C70EE52001984B7 = {
			isa = PBXGroup;
			children = (
				BF38CB9E2C725FC900348544 /* README.md */,
				BF4D9ED42C70EE52001984B7 /* Stocks */,
				BF4D9EEB2C70EE53001984B7 /* StocksTests */,
				BF4D9EF52C70EE53001984B7 /* StocksUITests */,
				BF4D9ED32C70EE52001984B7 /* Products */,
			);
			sourceTree = "<group>";
		};
		BF4D9ED32C70EE52001984B7 /* Products */ = {
			isa = PBXGroup;
			children = (
				BF4D9ED22C70EE52001984B7 /* Stocks.app */,
				BF4D9EE82C70EE53001984B7 /* StocksTests.xctest */,
				BF4D9EF22C70EE53001984B7 /* StocksUITests.xctest */,
			);
			name = Products;
			sourceTree = "<group>";
		};
		BF4D9ED42C70EE52001984B7 /* Stocks */ = {
			isa = PBXGroup;
			children = (
				BF4D9F052C70EED5001984B7 /* GeneralUsage */,
				BF4D9F062C70EEDC001984B7 /* Screens */,
				BF4D9F072C70EEE1001984B7 /* SupportingFiles */,
				BF4D9EE32C70EE53001984B7 /* Info.plist */,
			);
			path = Stocks;
			sourceTree = "<group>";
		};
		BF4D9EEB2C70EE53001984B7 /* StocksTests */ = {
			isa = PBXGroup;
			children = (
				BF4D9EEC2C70EE53001984B7 /* StocksTests.swift */,
			);
			path = StocksTests;
			sourceTree = "<group>";
		};
		BF4D9EF52C70EE53001984B7 /* StocksUITests */ = {
			isa = PBXGroup;
			children = (
				BF4D9EF62C70EE53001984B7 /* StocksUITests.swift */,
				BF4D9EF82C70EE53001984B7 /* StocksUITestsLaunchTests.swift */,
			);
			path = StocksUITests;
			sourceTree = "<group>";
		};
		BF4D9F052C70EED5001984B7 /* GeneralUsage */ = {
			isa = PBXGroup;
			children = (
				BF4D9F132C70F75B001984B7 /* NetworkLayer */,
				BF4D9F082C70EF6C001984B7 /* GeneralViews */,
				BF4D9F232C70F88D001984B7 /* Helpers */,
			);
			path = GeneralUsage;
			sourceTree = "<group>";
		};
		BF4D9F062C70EEDC001984B7 /* Screens */ = {
			isa = PBXGroup;
			children = (
				BF4D9F0B2C70EFA6001984B7 /* Stocks */,
			);
			path = Screens;
			sourceTree = "<group>";
		};
		BF4D9F072C70EEE1001984B7 /* SupportingFiles */ = {
			isa = PBXGroup;
			children = (
				BF4D9ED52C70EE52001984B7 /* AppDelegate.swift */,
				BF4D9ED72C70EE52001984B7 /* SceneDelegate.swift */,
				BF4D9EDE2C70EE53001984B7 /* Assets.xcassets */,
				BF4D9EE02C70EE53001984B7 /* LaunchScreen.storyboard */,
			);
			path = SupportingFiles;
			sourceTree = "<group>";
		};
		BF4D9F082C70EF6C001984B7 /* GeneralViews */ = {
			isa = PBXGroup;
			children = (
				BF4D9F092C70EF78001984B7 /* RootNavigationController.swift */,
				BF38CB9B2C725B3F00348544 /* ActivityIndicator.swift */,
			);
			path = GeneralViews;
			sourceTree = "<group>";
		};
		BF4D9F0B2C70EFA6001984B7 /* Stocks */ = {
			isa = PBXGroup;
			children = (
				BF4D9F302C7129A5001984B7 /* Network */,
				BF4D9F0F2C70F0A6001984B7 /* ViewModel */,
				BF4D9F0E2C70F09F001984B7 /* View */,
				BF4D9F102C70F0AB001984B7 /* Model */,
			);
			path = Stocks;
			sourceTree = "<group>";
		};
		BF4D9F0E2C70F09F001984B7 /* View */ = {
			isa = PBXGroup;
			children = (
				BF4D9F112C70F0B4001984B7 /* Main */,
				BF4D9F122C70F0BB001984B7 /* Cells */,
			);
			path = View;
			sourceTree = "<group>";
		};
		BF4D9F0F2C70F0A6001984B7 /* ViewModel */ = {
			isa = PBXGroup;
			children = (
				BF4D9F292C7105E3001984B7 /* StocksViewModel.swift */,
			);
			path = ViewModel;
			sourceTree = "<group>";
		};
		BF4D9F102C70F0AB001984B7 /* Model */ = {
			isa = PBXGroup;
			children = (
				BF4D9F2D2C710A5C001984B7 /* General */,
				BF4D9F2E2C710A68001984B7 /* StocksPageResponseModel.swift */,
				BF3A79F72C72088700EF1FAB /* StocksDetailResponseModel.swift */,
				BF38CB992C72550800348544 /* StockArrowType.swift */,
			);
			path = Model;
			sourceTree = "<group>";
		};
		BF4D9F112C70F0B4001984B7 /* Main */ = {
			isa = PBXGroup;
			children = (
				BF4D9F0C2C70EFB6001984B7 /* StocksViewController.swift */,
				BF3A7A012C72254300EF1FAB /* StocksViewController+Setup.swift */,
				BF38CB9F2C7265F200348544 /* StocksViewController+Bindings.swift */,
				BF3A7A052C7225DC00EF1FAB /* StocksViewController+DataSource.swift */,
			);
			path = Main;
			sourceTree = "<group>";
		};
		BF4D9F122C70F0BB001984B7 /* Cells */ = {
			isa = PBXGroup;
			children = (
				BF4D9F392C71EC4C001984B7 /* StockCell.swift */,
				BF4D9F3A2C71EC4C001984B7 /* StockCell.xib */,
				BF3A79FB2C720B3A00EF1FAB /* StocksHeaderView.swift */,
				BF3A79FD2C720B4D00EF1FAB /* StocksHeaderView.xib */,
			);
			path = Cells;
			sourceTree = "<group>";
		};
		BF4D9F132C70F75B001984B7 /* NetworkLayer */ = {
			isa = PBXGroup;
			children = (
				BF4D9F142C70F762001984B7 /* Protocols */,
				BF4D9F1B2C70F7E0001984B7 /* HTTPMethod.swift */,
				BF4D9F1D2C70F7F1001984B7 /* ServiceProvider.swift */,
				BF4D9F212C70F84D001984B7 /* APIError.swift */,
			);
			path = NetworkLayer;
			sourceTree = "<group>";
		};
		BF4D9F142C70F762001984B7 /* Protocols */ = {
			isa = PBXGroup;
			children = (
				BF4D9F152C70F783001984B7 /* EndpointProtocol.swift */,
				BF4D9F172C70F798001984B7 /* ServiceProviderProtocol.swift */,
			);
			path = Protocols;
			sourceTree = "<group>";
		};
		BF4D9F232C70F88D001984B7 /* Helpers */ = {
			isa = PBXGroup;
			children = (
				BF4D9F242C70F892001984B7 /* Extensions */,
				BF4D9F272C71047F001984B7 /* Constants.swift */,
				BF4D9F332C712B7F001984B7 /* ViewControllerMaker.swift */,
				BF4D9F352C713AA9001984B7 /* TypeAliases.swift */,
			);
			path = Helpers;
			sourceTree = "<group>";
		};
		BF4D9F242C70F892001984B7 /* Extensions */ = {
			isa = PBXGroup;
			children = (
				BF38CBA12C7266EF00348544 /* String+Ext.swift */,
				BF4D9F252C70F89B001984B7 /* URL+Ext.swift */,
				BF4D9F372C71E214001984B7 /* Collection+Ext.swift */,
				BF3A79FF2C720E3F00EF1FAB /* UIView+Ext.swift */,
				BF38CB972C724F0F00348544 /* UITableView+Ext.swift */,
			);
			path = Extensions;
			sourceTree = "<group>";
		};
		BF4D9F2D2C710A5C001984B7 /* General */ = {
			isa = PBXGroup;
			children = (
				BF4D9F2B2C7106E2001984B7 /* StockCellType.swift */,
			);
			path = General;
			sourceTree = "<group>";
		};
		BF4D9F302C7129A5001984B7 /* Network */ = {
			isa = PBXGroup;
			children = (
				BF4D9F312C7129B2001984B7 /* StocksEndpoint.swift */,
			);
			path = Network;
			sourceTree = "<group>";
		};
/* End PBXGroup section */

/* Begin PBXNativeTarget section */
		BF4D9ED12C70EE52001984B7 /* Stocks */ = {
			isa = PBXNativeTarget;
			buildConfigurationList = BF4D9EFC2C70EE53001984B7 /* Build configuration list for PBXNativeTarget "Stocks" */;
			buildPhases = (
				BF4D9ECE2C70EE52001984B7 /* Sources */,
				BF4D9ECF2C70EE52001984B7 /* Frameworks */,
				BF4D9ED02C70EE52001984B7 /* Resources */,
			);
			buildRules = (
			);
			dependencies = (
			);
			name = Stocks;
			productName = Stocks;
			productReference = BF4D9ED22C70EE52001984B7 /* Stocks.app */;
			productType = "com.apple.product-type.application";
		};
		BF4D9EE72C70EE53001984B7 /* StocksTests */ = {
			isa = PBXNativeTarget;
			buildConfigurationList = BF4D9EFF2C70EE53001984B7 /* Build configuration list for PBXNativeTarget "StocksTests" */;
			buildPhases = (
				BF4D9EE42C70EE53001984B7 /* Sources */,
				BF4D9EE52C70EE53001984B7 /* Frameworks */,
				BF4D9EE62C70EE53001984B7 /* Resources */,
			);
			buildRules = (
			);
			dependencies = (
				BF4D9EEA2C70EE53001984B7 /* PBXTargetDependency */,
			);
			name = StocksTests;
			productName = StocksTests;
			productReference = BF4D9EE82C70EE53001984B7 /* StocksTests.xctest */;
			productType = "com.apple.product-type.bundle.unit-test";
		};
		BF4D9EF12C70EE53001984B7 /* StocksUITests */ = {
			isa = PBXNativeTarget;
			buildConfigurationList = BF4D9F022C70EE53001984B7 /* Build configuration list for PBXNativeTarget "StocksUITests" */;
			buildPhases = (
				BF4D9EEE2C70EE53001984B7 /* Sources */,
				BF4D9EEF2C70EE53001984B7 /* Frameworks */,
				BF4D9EF02C70EE53001984B7 /* Resources */,
			);
			buildRules = (
			);
			dependencies = (
				BF4D9EF42C70EE53001984B7 /* PBXTargetDependency */,
			);
			name = StocksUITests;
			productName = StocksUITests;
			productReference = BF4D9EF22C70EE53001984B7 /* StocksUITests.xctest */;
			productType = "com.apple.product-type.bundle.ui-testing";
		};
/* End PBXNativeTarget section */

/* Begin PBXProject section */
		BF4D9ECA2C70EE52001984B7 /* Project object */ = {
			isa = PBXProject;
			attributes = {
				BuildIndependentTargetsInParallel = 1;
				LastSwiftUpdateCheck = 1530;
				LastUpgradeCheck = 1530;
				TargetAttributes = {
					BF4D9ED12C70EE52001984B7 = {
						CreatedOnToolsVersion = 15.3;
					};
					BF4D9EE72C70EE53001984B7 = {
						CreatedOnToolsVersion = 15.3;
						TestTargetID = BF4D9ED12C70EE52001984B7;
					};
					BF4D9EF12C70EE53001984B7 = {
						CreatedOnToolsVersion = 15.3;
						TestTargetID = BF4D9ED12C70EE52001984B7;
					};
				};
			};
			buildConfigurationList = BF4D9ECD2C70EE52001984B7 /* Build configuration list for PBXProject "Stocks" */;
			compatibilityVersion = "Xcode 14.0";
			developmentRegion = en;
			hasScannedForEncodings = 0;
			knownRegions = (
				en,
				Base,
			);
			mainGroup = BF4D9EC92C70EE52001984B7;
			productRefGroup = BF4D9ED32C70EE52001984B7 /* Products */;
			projectDirPath = "";
			projectRoot = "";
			targets = (
				BF4D9ED12C70EE52001984B7 /* Stocks */,
				BF4D9EE72C70EE53001984B7 /* StocksTests */,
				BF4D9EF12C70EE53001984B7 /* StocksUITests */,
			);
		};
/* End PBXProject section */

/* Begin PBXResourcesBuildPhase section */
		BF4D9ED02C70EE52001984B7 /* Resources */ = {
			isa = PBXResourcesBuildPhase;
			buildActionMask = 2147483647;
			files = (
				BF3A79FE2C720B4D00EF1FAB /* StocksHeaderView.xib in Resources */,
				BF4D9EDF2C70EE53001984B7 /* Assets.xcassets in Resources */,
				BF4D9F3C2C71EC4C001984B7 /* StockCell.xib in Resources */,
				BF4D9EE22C70EE53001984B7 /* Base in Resources */,
			);
			runOnlyForDeploymentPostprocessing = 0;
		};
		BF4D9EE62C70EE53001984B7 /* Resources */ = {
			isa = PBXResourcesBuildPhase;
			buildActionMask = 2147483647;
			files = (
			);
			runOnlyForDeploymentPostprocessing = 0;
		};
		BF4D9EF02C70EE53001984B7 /* Resources */ = {
			isa = PBXResourcesBuildPhase;
			buildActionMask = 2147483647;
			files = (
			);
			runOnlyForDeploymentPostprocessing = 0;
		};
/* End PBXResourcesBuildPhase section */

/* Begin PBXSourcesBuildPhase section */
		BF4D9ECE2C70EE52001984B7 /* Sources */ = {
			isa = PBXSourcesBuildPhase;
			buildActionMask = 2147483647;
			files = (
				BF4D9F3B2C71EC4C001984B7 /* StockCell.swift in Sources */,
				BF4D9ED62C70EE52001984B7 /* AppDelegate.swift in Sources */,
				BF4D9ED82C70EE52001984B7 /* SceneDelegate.swift in Sources */,
				BF38CBA22C7266EF00348544 /* String+Ext.swift in Sources */,
				BF4D9F1E2C70F7F1001984B7 /* ServiceProvider.swift in Sources */,
				BF4D9F2A2C7105E3001984B7 /* StocksViewModel.swift in Sources */,
				BF4D9F162C70F783001984B7 /* EndpointProtocol.swift in Sources */,
				BF3A7A002C720E3F00EF1FAB /* UIView+Ext.swift in Sources */,
				BF38CB982C724F0F00348544 /* UITableView+Ext.swift in Sources */,
				BF4D9F362C713AA9001984B7 /* TypeAliases.swift in Sources */,
				BF4D9F342C712B7F001984B7 /* ViewControllerMaker.swift in Sources */,
				BF4D9F2C2C7106E2001984B7 /* StockCellType.swift in Sources */,
				BF3A79FC2C720B3A00EF1FAB /* StocksHeaderView.swift in Sources */,
				BF4D9F1C2C70F7E0001984B7 /* HTTPMethod.swift in Sources */,
				BF4D9F282C71047F001984B7 /* Constants.swift in Sources */,
				BF4D9F262C70F89B001984B7 /* URL+Ext.swift in Sources */,
				BF3A7A062C7225DC00EF1FAB /* StocksViewController+DataSource.swift in Sources */,
				BF38CB9C2C725B3F00348544 /* ActivityIndicator.swift in Sources */,
				BF4D9F2F2C710A68001984B7 /* StocksPageResponseModel.swift in Sources */,
				BF4D9F0A2C70EF78001984B7 /* RootNavigationController.swift in Sources */,
				BF38CB9A2C72550800348544 /* StockArrowType.swift in Sources */,
				BF3A7A022C72254300EF1FAB /* StocksViewController+Setup.swift in Sources */,
				BF4D9F382C71E214001984B7 /* Collection+Ext.swift in Sources */,
				BF4D9F182C70F798001984B7 /* ServiceProviderProtocol.swift in Sources */,
				BF4D9F0D2C70EFB6001984B7 /* StocksViewController.swift in Sources */,
				BF4D9F222C70F84D001984B7 /* APIError.swift in Sources */,
				BF38CBA02C7265F200348544 /* StocksViewController+Bindings.swift in Sources */,
				BF3A79F82C72088700EF1FAB /* StocksDetailResponseModel.swift in Sources */,
				BF4D9F322C7129B2001984B7 /* StocksEndpoint.swift in Sources */,
			);
			runOnlyForDeploymentPostprocessing = 0;
		};
		BF4D9EE42C70EE53001984B7 /* Sources */ = {
			isa = PBXSourcesBuildPhase;
			buildActionMask = 2147483647;
			files = (
				BF4D9EED2C70EE53001984B7 /* StocksTests.swift in Sources */,
			);
			runOnlyForDeploymentPostprocessing = 0;
		};
		BF4D9EEE2C70EE53001984B7 /* Sources */ = {
			isa = PBXSourcesBuildPhase;
			buildActionMask = 2147483647;
			files = (
				BF4D9EF72C70EE53001984B7 /* StocksUITests.swift in Sources */,
				BF4D9EF92C70EE53001984B7 /* StocksUITestsLaunchTests.swift in Sources */,
			);
			runOnlyForDeploymentPostprocessing = 0;
		};
/* End PBXSourcesBuildPhase section */

/* Begin PBXTargetDependency section */
		BF4D9EEA2C70EE53001984B7 /* PBXTargetDependency */ = {
			isa = PBXTargetDependency;
			target = BF4D9ED12C70EE52001984B7 /* Stocks */;
			targetProxy = BF4D9EE92C70EE53001984B7 /* PBXContainerItemProxy */;
		};
		BF4D9EF42C70EE53001984B7 /* PBXTargetDependency */ = {
			isa = PBXTargetDependency;
			target = BF4D9ED12C70EE52001984B7 /* Stocks */;
			targetProxy = BF4D9EF32C70EE53001984B7 /* PBXContainerItemProxy */;
		};
/* End PBXTargetDependency section */

/* Begin PBXVariantGroup section */
		BF4D9EE02C70EE53001984B7 /* LaunchScreen.storyboard */ = {
			isa = PBXVariantGroup;
			children = (
				BF4D9EE12C70EE53001984B7 /* Base */,
			);
			name = LaunchScreen.storyboard;
			sourceTree = "<group>";
		};
/* End PBXVariantGroup section */

/* Begin XCBuildConfiguration section */
		BF4D9EFA2C70EE53001984B7 /* Debug */ = {
			isa = XCBuildConfiguration;
			buildSettings = {
				ALWAYS_SEARCH_USER_PATHS = NO;
				ASSETCATALOG_COMPILER_GENERATE_SWIFT_ASSET_SYMBOL_EXTENSIONS = YES;
				CLANG_ANALYZER_NONNULL = YES;
				CLANG_ANALYZER_NUMBER_OBJECT_CONVERSION = YES_AGGRESSIVE;
				CLANG_CXX_LANGUAGE_STANDARD = "gnu++20";
				CLANG_ENABLE_MODULES = YES;
				CLANG_ENABLE_OBJC_ARC = YES;
				CLANG_ENABLE_OBJC_WEAK = YES;
				CLANG_WARN_BLOCK_CAPTURE_AUTORELEASING = YES;
				CLANG_WARN_BOOL_CONVERSION = YES;
				CLANG_WARN_COMMA = YES;
				CLANG_WARN_CONSTANT_CONVERSION = YES;
				CLANG_WARN_DEPRECATED_OBJC_IMPLEMENTATIONS = YES;
				CLANG_WARN_DIRECT_OBJC_ISA_USAGE = YES_ERROR;
				CLANG_WARN_DOCUMENTATION_COMMENTS = YES;
				CLANG_WARN_EMPTY_BODY = YES;
				CLANG_WARN_ENUM_CONVERSION = YES;
				CLANG_WARN_INFINITE_RECURSION = YES;
				CLANG_WARN_INT_CONVERSION = YES;
				CLANG_WARN_NON_LITERAL_NULL_CONVERSION = YES;
				CLANG_WARN_OBJC_IMPLICIT_RETAIN_SELF = YES;
				CLANG_WARN_OBJC_LITERAL_CONVERSION = YES;
				CLANG_WARN_OBJC_ROOT_CLASS = YES_ERROR;
				CLANG_WARN_QUOTED_INCLUDE_IN_FRAMEWORK_HEADER = YES;
				CLANG_WARN_RANGE_LOOP_ANALYSIS = YES;
				CLANG_WARN_STRICT_PROTOTYPES = YES;
				CLANG_WARN_SUSPICIOUS_MOVE = YES;
				CLANG_WARN_UNGUARDED_AVAILABILITY = YES_AGGRESSIVE;
				CLANG_WARN_UNREACHABLE_CODE = YES;
				CLANG_WARN__DUPLICATE_METHOD_MATCH = YES;
				COPY_PHASE_STRIP = NO;
				DEBUG_INFORMATION_FORMAT = dwarf;
				ENABLE_STRICT_OBJC_MSGSEND = YES;
				ENABLE_TESTABILITY = YES;
				ENABLE_USER_SCRIPT_SANDBOXING = YES;
				GCC_C_LANGUAGE_STANDARD = gnu17;
				GCC_DYNAMIC_NO_PIC = NO;
				GCC_NO_COMMON_BLOCKS = YES;
				GCC_OPTIMIZATION_LEVEL = 0;
				GCC_PREPROCESSOR_DEFINITIONS = (
					"DEBUG=1",
					"$(inherited)",
				);
				GCC_WARN_64_TO_32_BIT_CONVERSION = YES;
				GCC_WARN_ABOUT_RETURN_TYPE = YES_ERROR;
				GCC_WARN_UNDECLARED_SELECTOR = YES;
				GCC_WARN_UNINITIALIZED_AUTOS = YES_AGGRESSIVE;
				GCC_WARN_UNUSED_FUNCTION = YES;
				GCC_WARN_UNUSED_VARIABLE = YES;
				IPHONEOS_DEPLOYMENT_TARGET = 14.0;
				LOCALIZATION_PREFERS_STRING_CATALOGS = YES;
				MTL_ENABLE_DEBUG_INFO = INCLUDE_SOURCE;
				MTL_FAST_MATH = YES;
				ONLY_ACTIVE_ARCH = YES;
				SDKROOT = iphoneos;
				SWIFT_ACTIVE_COMPILATION_CONDITIONS = "DEBUG $(inherited)";
				SWIFT_OPTIMIZATION_LEVEL = "-Onone";
			};
			name = Debug;
		};
		BF4D9EFB2C70EE53001984B7 /* Release */ = {
			isa = XCBuildConfiguration;
			buildSettings = {
				ALWAYS_SEARCH_USER_PATHS = NO;
				ASSETCATALOG_COMPILER_GENERATE_SWIFT_ASSET_SYMBOL_EXTENSIONS = YES;
				CLANG_ANALYZER_NONNULL = YES;
				CLANG_ANALYZER_NUMBER_OBJECT_CONVERSION = YES_AGGRESSIVE;
				CLANG_CXX_LANGUAGE_STANDARD = "gnu++20";
				CLANG_ENABLE_MODULES = YES;
				CLANG_ENABLE_OBJC_ARC = YES;
				CLANG_ENABLE_OBJC_WEAK = YES;
				CLANG_WARN_BLOCK_CAPTURE_AUTORELEASING = YES;
				CLANG_WARN_BOOL_CONVERSION = YES;
				CLANG_WARN_COMMA = YES;
				CLANG_WARN_CONSTANT_CONVERSION = YES;
				CLANG_WARN_DEPRECATED_OBJC_IMPLEMENTATIONS = YES;
				CLANG_WARN_DIRECT_OBJC_ISA_USAGE = YES_ERROR;
				CLANG_WARN_DOCUMENTATION_COMMENTS = YES;
				CLANG_WARN_EMPTY_BODY = YES;
				CLANG_WARN_ENUM_CONVERSION = YES;
				CLANG_WARN_INFINITE_RECURSION = YES;
				CLANG_WARN_INT_CONVERSION = YES;
				CLANG_WARN_NON_LITERAL_NULL_CONVERSION = YES;
				CLANG_WARN_OBJC_IMPLICIT_RETAIN_SELF = YES;
				CLANG_WARN_OBJC_LITERAL_CONVERSION = YES;
				CLANG_WARN_OBJC_ROOT_CLASS = YES_ERROR;
				CLANG_WARN_QUOTED_INCLUDE_IN_FRAMEWORK_HEADER = YES;
				CLANG_WARN_RANGE_LOOP_ANALYSIS = YES;
				CLANG_WARN_STRICT_PROTOTYPES = YES;
				CLANG_WARN_SUSPICIOUS_MOVE = YES;
				CLANG_WARN_UNGUARDED_AVAILABILITY = YES_AGGRESSIVE;
				CLANG_WARN_UNREACHABLE_CODE = YES;
				CLANG_WARN__DUPLICATE_METHOD_MATCH = YES;
				COPY_PHASE_STRIP = NO;
				DEBUG_INFORMATION_FORMAT = "dwarf-with-dsym";
				ENABLE_NS_ASSERTIONS = NO;
				ENABLE_STRICT_OBJC_MSGSEND = YES;
				ENABLE_USER_SCRIPT_SANDBOXING = YES;
				GCC_C_LANGUAGE_STANDARD = gnu17;
				GCC_NO_COMMON_BLOCKS = YES;
				GCC_WARN_64_TO_32_BIT_CONVERSION = YES;
				GCC_WARN_ABOUT_RETURN_TYPE = YES_ERROR;
				GCC_WARN_UNDECLARED_SELECTOR = YES;
				GCC_WARN_UNINITIALIZED_AUTOS = YES_AGGRESSIVE;
				GCC_WARN_UNUSED_FUNCTION = YES;
				GCC_WARN_UNUSED_VARIABLE = YES;
				IPHONEOS_DEPLOYMENT_TARGET = 14.0;
				LOCALIZATION_PREFERS_STRING_CATALOGS = YES;
				MTL_ENABLE_DEBUG_INFO = NO;
				MTL_FAST_MATH = YES;
				SDKROOT = iphoneos;
				SWIFT_COMPILATION_MODE = wholemodule;
				VALIDATE_PRODUCT = YES;
			};
			name = Release;
		};
		BF4D9EFD2C70EE53001984B7 /* Debug */ = {
			isa = XCBuildConfiguration;
			buildSettings = {
				ASSETCATALOG_COMPILER_APPICON_NAME = AppIcon;
				ASSETCATALOG_COMPILER_GLOBAL_ACCENT_COLOR_NAME = AccentColor;
				CODE_SIGN_STYLE = Automatic;
				CURRENT_PROJECT_VERSION = 1;
				DEVELOPMENT_TEAM = NVAL38CUS8;
				GENERATE_INFOPLIST_FILE = YES;
				INFOPLIST_FILE = Stocks/Info.plist;
				INFOPLIST_KEY_UIApplicationSupportsIndirectInputEvents = YES;
				INFOPLIST_KEY_UILaunchStoryboardName = LaunchScreen;
				INFOPLIST_KEY_UISupportedInterfaceOrientations_iPad = "UIInterfaceOrientationPortrait UIInterfaceOrientationPortraitUpsideDown UIInterfaceOrientationLandscapeLeft UIInterfaceOrientationLandscapeRight";
				INFOPLIST_KEY_UISupportedInterfaceOrientations_iPhone = "UIInterfaceOrientationPortrait UIInterfaceOrientationLandscapeLeft UIInterfaceOrientationLandscapeRight";
				IPHONEOS_DEPLOYMENT_TARGET = 14.0;
				LD_RUNPATH_SEARCH_PATHS = (
					"$(inherited)",
					"@executable_path/Frameworks",
				);
				MARKETING_VERSION = 1.0;
				PRODUCT_BUNDLE_IDENTIFIER = com.hasanaygunoglu.Stocks;
				PRODUCT_NAME = "$(TARGET_NAME)";
				SWIFT_EMIT_LOC_STRINGS = YES;
				SWIFT_VERSION = 5.0;
				TARGETED_DEVICE_FAMILY = "1,2";
			};
			name = Debug;
		};
		BF4D9EFE2C70EE53001984B7 /* Release */ = {
			isa = XCBuildConfiguration;
			buildSettings = {
				ASSETCATALOG_COMPILER_APPICON_NAME = AppIcon;
				ASSETCATALOG_COMPILER_GLOBAL_ACCENT_COLOR_NAME = AccentColor;
				CODE_SIGN_STYLE = Automatic;
				CURRENT_PROJECT_VERSION = 1;
				DEVELOPMENT_TEAM = NVAL38CUS8;
				GENERATE_INFOPLIST_FILE = YES;
				INFOPLIST_FILE = Stocks/Info.plist;
				INFOPLIST_KEY_UIApplicationSupportsIndirectInputEvents = YES;
				INFOPLIST_KEY_UILaunchStoryboardName = LaunchScreen;
				INFOPLIST_KEY_UISupportedInterfaceOrientations_iPad = "UIInterfaceOrientationPortrait UIInterfaceOrientationPortraitUpsideDown UIInterfaceOrientationLandscapeLeft UIInterfaceOrientationLandscapeRight";
				INFOPLIST_KEY_UISupportedInterfaceOrientations_iPhone = "UIInterfaceOrientationPortrait UIInterfaceOrientationLandscapeLeft UIInterfaceOrientationLandscapeRight";
				IPHONEOS_DEPLOYMENT_TARGET = 14.0;
				LD_RUNPATH_SEARCH_PATHS = (
					"$(inherited)",
					"@executable_path/Frameworks",
				);
				MARKETING_VERSION = 1.0;
				PRODUCT_BUNDLE_IDENTIFIER = com.hasanaygunoglu.Stocks;
				PRODUCT_NAME = "$(TARGET_NAME)";
				SWIFT_EMIT_LOC_STRINGS = YES;
				SWIFT_VERSION = 5.0;
				TARGETED_DEVICE_FAMILY = "1,2";
			};
			name = Release;
		};
		BF4D9F002C70EE53001984B7 /* Debug */ = {
			isa = XCBuildConfiguration;
			buildSettings = {
				ALWAYS_EMBED_SWIFT_STANDARD_LIBRARIES = YES;
				BUNDLE_LOADER = "$(TEST_HOST)";
				CODE_SIGN_STYLE = Automatic;
				CURRENT_PROJECT_VERSION = 1;
				DEVELOPMENT_TEAM = NVAL38CUS8;
				GENERATE_INFOPLIST_FILE = YES;
				IPHONEOS_DEPLOYMENT_TARGET = 17.4;
				MARKETING_VERSION = 1.0;
				PRODUCT_BUNDLE_IDENTIFIER = com.hasanaygunoglu.StocksTests;
				PRODUCT_NAME = "$(TARGET_NAME)";
				SWIFT_EMIT_LOC_STRINGS = NO;
				SWIFT_VERSION = 5.0;
				TARGETED_DEVICE_FAMILY = "1,2";
				TEST_HOST = "$(BUILT_PRODUCTS_DIR)/Stocks.app/$(BUNDLE_EXECUTABLE_FOLDER_PATH)/Stocks";
			};
			name = Debug;
		};
		BF4D9F012C70EE53001984B7 /* Release */ = {
			isa = XCBuildConfiguration;
			buildSettings = {
				ALWAYS_EMBED_SWIFT_STANDARD_LIBRARIES = YES;
				BUNDLE_LOADER = "$(TEST_HOST)";
				CODE_SIGN_STYLE = Automatic;
				CURRENT_PROJECT_VERSION = 1;
				DEVELOPMENT_TEAM = NVAL38CUS8;
				GENERATE_INFOPLIST_FILE = YES;
				IPHONEOS_DEPLOYMENT_TARGET = 17.4;
				MARKETING_VERSION = 1.0;
				PRODUCT_BUNDLE_IDENTIFIER = com.hasanaygunoglu.StocksTests;
				PRODUCT_NAME = "$(TARGET_NAME)";
				SWIFT_EMIT_LOC_STRINGS = NO;
				SWIFT_VERSION = 5.0;
				TARGETED_DEVICE_FAMILY = "1,2";
				TEST_HOST = "$(BUILT_PRODUCTS_DIR)/Stocks.app/$(BUNDLE_EXECUTABLE_FOLDER_PATH)/Stocks";
			};
			name = Release;
		};
		BF4D9F032C70EE53001984B7 /* Debug */ = {
			isa = XCBuildConfiguration;
			buildSettings = {
				ALWAYS_EMBED_SWIFT_STANDARD_LIBRARIES = YES;
				CODE_SIGN_STYLE = Automatic;
				CURRENT_PROJECT_VERSION = 1;
				DEVELOPMENT_TEAM = NVAL38CUS8;
				GENERATE_INFOPLIST_FILE = YES;
				MARKETING_VERSION = 1.0;
				PRODUCT_BUNDLE_IDENTIFIER = com.hasanaygunoglu.StocksUITests;
				PRODUCT_NAME = "$(TARGET_NAME)";
				SWIFT_EMIT_LOC_STRINGS = NO;
				SWIFT_VERSION = 5.0;
				TARGETED_DEVICE_FAMILY = "1,2";
				TEST_TARGET_NAME = Stocks;
			};
			name = Debug;
		};
		BF4D9F042C70EE53001984B7 /* Release */ = {
			isa = XCBuildConfiguration;
			buildSettings = {
				ALWAYS_EMBED_SWIFT_STANDARD_LIBRARIES = YES;
				CODE_SIGN_STYLE = Automatic;
				CURRENT_PROJECT_VERSION = 1;
				DEVELOPMENT_TEAM = NVAL38CUS8;
				GENERATE_INFOPLIST_FILE = YES;
				MARKETING_VERSION = 1.0;
				PRODUCT_BUNDLE_IDENTIFIER = com.hasanaygunoglu.StocksUITests;
				PRODUCT_NAME = "$(TARGET_NAME)";
				SWIFT_EMIT_LOC_STRINGS = NO;
				SWIFT_VERSION = 5.0;
				TARGETED_DEVICE_FAMILY = "1,2";
				TEST_TARGET_NAME = Stocks;
			};
			name = Release;
		};
/* End XCBuildConfiguration section */

/* Begin XCConfigurationList section */
		BF4D9ECD2C70EE52001984B7 /* Build configuration list for PBXProject "Stocks" */ = {
			isa = XCConfigurationList;
			buildConfigurations = (
				BF4D9EFA2C70EE53001984B7 /* Debug */,
				BF4D9EFB2C70EE53001984B7 /* Release */,
			);
			defaultConfigurationIsVisible = 0;
			defaultConfigurationName = Release;
		};
		BF4D9EFC2C70EE53001984B7 /* Build configuration list for PBXNativeTarget "Stocks" */ = {
			isa = XCConfigurationList;
			buildConfigurations = (
				BF4D9EFD2C70EE53001984B7 /* Debug */,
				BF4D9EFE2C70EE53001984B7 /* Release */,
			);
			defaultConfigurationIsVisible = 0;
			defaultConfigurationName = Release;
		};
		BF4D9EFF2C70EE53001984B7 /* Build configuration list for PBXNativeTarget "StocksTests" */ = {
			isa = XCConfigurationList;
			buildConfigurations = (
				BF4D9F002C70EE53001984B7 /* Debug */,
				BF4D9F012C70EE53001984B7 /* Release */,
			);
			defaultConfigurationIsVisible = 0;
			defaultConfigurationName = Release;
		};
		BF4D9F022C70EE53001984B7 /* Build configuration list for PBXNativeTarget "StocksUITests" */ = {
			isa = XCConfigurationList;
			buildConfigurations = (
				BF4D9F032C70EE53001984B7 /* Debug */,
				BF4D9F042C70EE53001984B7 /* Release */,
			);
			defaultConfigurationIsVisible = 0;
			defaultConfigurationName = Release;
		};
/* End XCConfigurationList section */
	};
	rootObject = BF4D9ECA2C70EE52001984B7 /* Project object */;
}
